
Microsoft Visual Studio Solution File, Format Version 12.00
# Visual Studio Version 17
VisualStudioVersion = 17.10.35122.118
MinimumVisualStudioVersion = 10.0.40219.1
Project("{9A19103F-16F7-4668-BE54-9A1E7A4F7556}") = "CSharp_October", "CSharp_October.csproj", "{4449AF50-2ABC-4006-8C34-6DCD2B022F8C}"
EndProject
Project("{2150E333-8FDC-42A3-9474-1A3956D46DE8}") = "MyDome", "MyDome", "{36CC5659-D613-4C87-9C92-BF9889134B77}"
EndProject
Project("{FAE04EC0-301F-11D3-BF4B-00C04F79EFBC}") = "窗体传值修改", "..\MyDome\窗体传值修改\窗体传值修改.csproj", "{36224A75-4C60-4F0A-BB4D-2536449EB926}"
EndProject
Project("{2150E333-8FDC-42A3-9474-1A3956D46DE8}") = "TDome", "TDome", "{3FEDA9C9-8DDD-453A-B6C0-B2B5E91E6D69}"
EndProject
Project("{FAE04EC0-301F-11D3-BF4B-00C04F79EFBC}") = "增删改查", "..\MyDome\增删改查\增删改查.csproj", "{D5E07FC1-54E5-4880-AFF4-85A34F5D6B77}"
EndProject
Project("{FAE04EC0-301F-11D3-BF4B-00C04F79EFBC}") = "10_28(连接相机)", "..\MyDome\10_28(连接相机)\10_28(连接相机).csproj", "{211D83A9-CB89-4618-A5B5-C6F234B5ED6D}"
EndProject
Project("{FAE04EC0-301F-11D3-BF4B-00C04F79EFBC}") = "10_29(连接相机2)", "..\MyDome\10_29(连接相机2)\10_29(连接相机2).csproj", "{6026C657-528F-49CC-8D16-0CC82B19A00E}"
EndProject
Project("{FAE04EC0-301F-11D3-BF4B-00C04F79EFBC}") = "10_29_ini文件操作", "..\MyDome\10_29_ini文件操作\10_29_ini文件操作.csproj", "{DA53486E-092D-4F79-B1D9-A48997ED7994}"
EndProject
Project("{FAE04EC0-301F-11D3-BF4B-00C04F79EFBC}") = "10_30(TB工具盒)", "..\MyDome\10_30(TB工具盒)\10_30(TB工具盒).csproj", "{0C365ACC-78B0-4FCE-ACBB-8613444E5DE1}"
EndProject
Project("{FAE04EC0-301F-11D3-BF4B-00C04F79EFBC}") = "10_30(TB_Ran)", "..\MyDome\10_30(TB_Ran)\10_30(TB_Ran).csproj", "{E8C35BCC-0537-4439-97DA-02C7D5F05747}"
EndProject
Project("{FAE04EC0-301F-11D3-BF4B-00C04F79EFBC}") = "学生管理", "..\TDome\学生管理\学生管理\学生管理.csproj", "{AFAA5139-A6F9-4832-8FF1-A613D26B01CB}"
EndProject
Project("{FAE04EC0-301F-11D3-BF4B-00C04F79EFBC}") = "TB_Ran事件", "..\TDome\TB_Ran事件\TB_Ran事件.csproj", "{CAA874F3-F64F-4D34-BF16-5FF031697F49}"
EndProject
Project("{FAE04EC0-301F-11D3-BF4B-00C04F79EFBC}") = "TB", "..\TDome\TB\TB.csproj", "{2B705F12-5B45-480C-B023-C7B61C3A0995}"
EndProject
Project("{FAE04EC0-301F-11D3-BF4B-00C04F79EFBC}") = "10_31(串口通信)", "..\MyDome\10_31(串口通信)\10_31(串口通信).csproj", "{4B95DB3B-9C68-4194-94F7-877E4CADE25A}"
EndProject
Project("{FAE04EC0-301F-11D3-BF4B-00C04F79EFBC}") = "10_30作业", "..\MyDome\10_30作业\10_30作业.csproj", "{C897C004-49D2-4B37-9894-A03E2FBB8E91}"
EndProject
Project("{FAE04EC0-301F-11D3-BF4B-00C04F79EFBC}") = "10_29作业", "..\MyDome\10_29作业\10_29作业.csproj", "{59C85017-0216-47BF-8CBB-018713C65E35}"
EndProject
Project("{FAE04EC0-301F-11D3-BF4B-00C04F79EFBC}") = "产品检测", "..\MyDome\产品检测\产品检测.csproj", "{8BF65052-98F6-425D-A142-C4EC53603AFE}"
EndProject
Global
	GlobalSection(SolutionConfigurationPlatforms) = preSolution
		Debug|Any CPU = Debug|Any CPU
		Release|Any CPU = Release|Any CPU
	EndGlobalSection
	GlobalSection(ProjectConfigurationPlatforms) = postSolution
		{4449AF50-2ABC-4006-8C34-6DCD2B022F8C}.Debug|Any CPU.ActiveCfg = Debug|Any CPU
		{4449AF50-2ABC-4006-8C34-6DCD2B022F8C}.Debug|Any CPU.Build.0 = Debug|Any CPU
		{4449AF50-2ABC-4006-8C34-6DCD2B022F8C}.Release|Any CPU.ActiveCfg = Release|Any CPU
		{4449AF50-2ABC-4006-8C34-6DCD2B022F8C}.Release|Any CPU.Build.0 = Release|Any CPU
		{36224A75-4C60-4F0A-BB4D-2536449EB926}.Debug|Any CPU.ActiveCfg = Debug|Any CPU
		{36224A75-4C60-4F0A-BB4D-2536449EB926}.Debug|Any CPU.Build.0 = Debug|Any CPU
		{36224A75-4C60-4F0A-BB4D-2536449EB926}.Release|Any CPU.ActiveCfg = Release|Any CPU
		{36224A75-4C60-4F0A-BB4D-2536449EB926}.Release|Any CPU.Build.0 = Release|Any CPU
		{D5E07FC1-54E5-4880-AFF4-85A34F5D6B77}.Debug|Any CPU.ActiveCfg = Debug|Any CPU
		{D5E07FC1-54E5-4880-AFF4-85A34F5D6B77}.Debug|Any CPU.Build.0 = Debug|Any CPU
		{D5E07FC1-54E5-4880-AFF4-85A34F5D6B77}.Release|Any CPU.ActiveCfg = Release|Any CPU
		{D5E07FC1-54E5-4880-AFF4-85A34F5D6B77}.Release|Any CPU.Build.0 = Release|Any CPU
		{211D83A9-CB89-4618-A5B5-C6F234B5ED6D}.Debug|Any CPU.ActiveCfg = Debug|Any CPU
		{211D83A9-CB89-4618-A5B5-C6F234B5ED6D}.Debug|Any CPU.Build.0 = Debug|Any CPU
		{211D83A9-CB89-4618-A5B5-C6F234B5ED6D}.Release|Any CPU.ActiveCfg = Release|Any CPU
		{211D83A9-CB89-4618-A5B5-C6F234B5ED6D}.Release|Any CPU.Build.0 = Release|Any CPU
		{6026C657-528F-49CC-8D16-0CC82B19A00E}.Debug|Any CPU.ActiveCfg = Debug|Any CPU
		{6026C657-528F-49CC-8D16-0CC82B19A00E}.Debug|Any CPU.Build.0 = Debug|Any CPU
		{6026C657-528F-49CC-8D16-0CC82B19A00E}.Release|Any CPU.ActiveCfg = Release|Any CPU
		{6026C657-528F-49CC-8D16-0CC82B19A00E}.Release|Any CPU.Build.0 = Release|Any CPU
		{DA53486E-092D-4F79-B1D9-A48997ED7994}.Debug|Any CPU.ActiveCfg = Debug|Any CPU
		{DA53486E-092D-4F79-B1D9-A48997ED7994}.Debug|Any CPU.Build.0 = Debug|Any CPU
		{DA53486E-092D-4F79-B1D9-A48997ED7994}.Release|Any CPU.ActiveCfg = Release|Any CPU
		{DA53486E-092D-4F79-B1D9-A48997ED7994}.Release|Any CPU.Build.0 = Release|Any CPU
		{0C365ACC-78B0-4FCE-ACBB-8613444E5DE1}.Debug|Any CPU.ActiveCfg = Debug|Any CPU
		{0C365ACC-78B0-4FCE-ACBB-8613444E5DE1}.Debug|Any CPU.Build.0 = Debug|Any CPU
		{0C365ACC-78B0-4FCE-ACBB-8613444E5DE1}.Release|Any CPU.ActiveCfg = Release|Any CPU
		{0C365ACC-78B0-4FCE-ACBB-8613444E5DE1}.Release|Any CPU.Build.0 = Release|Any CPU
		{E8C35BCC-0537-4439-97DA-02C7D5F05747}.Debug|Any CPU.ActiveCfg = Debug|Any CPU
		{E8C35BCC-0537-4439-97DA-02C7D5F05747}.Debug|Any CPU.Build.0 = Debug|Any CPU
		{E8C35BCC-0537-4439-97DA-02C7D5F05747}.Release|Any CPU.ActiveCfg = Release|Any CPU
		{E8C35BCC-0537-4439-97DA-02C7D5F05747}.Release|Any CPU.Build.0 = Release|Any CPU
		{AFAA5139-A6F9-4832-8FF1-A613D26B01CB}.Debug|Any CPU.ActiveCfg = Debug|Any CPU
		{AFAA5139-A6F9-4832-8FF1-A613D26B01CB}.Debug|Any CPU.Build.0 = Debug|Any CPU
		{AFAA5139-A6F9-4832-8FF1-A613D26B01CB}.Release|Any CPU.ActiveCfg = Release|Any CPU
		{AFAA5139-A6F9-4832-8FF1-A613D26B01CB}.Release|Any CPU.Build.0 = Release|Any CPU
		{CAA874F3-F64F-4D34-BF16-5FF031697F49}.Debug|Any CPU.ActiveCfg = Debug|Any CPU
		{CAA874F3-F64F-4D34-BF16-5FF031697F49}.Debug|Any CPU.Build.0 = Debug|Any CPU
		{CAA874F3-F64F-4D34-BF16-5FF031697F49}.Release|Any CPU.ActiveCfg = Release|Any CPU
		{CAA874F3-F64F-4D34-BF16-5FF031697F49}.Release|Any CPU.Build.0 = Release|Any CPU
		{2B705F12-5B45-480C-B023-C7B61C3A0995}.Debug|Any CPU.ActiveCfg = Debug|Any CPU
		{2B705F12-5B45-480C-B023-C7B61C3A0995}.Debug|Any CPU.Build.0 = Debug|Any CPU
		{2B705F12-5B45-480C-B023-C7B61C3A0995}.Release|Any CPU.ActiveCfg = Release|Any CPU
		{2B705F12-5B45-480C-B023-C7B61C3A0995}.Release|Any CPU.Build.0 = Release|Any CPU
		{4B95DB3B-9C68-4194-94F7-877E4CADE25A}.Debug|Any CPU.ActiveCfg = Debug|Any CPU
		{4B95DB3B-9C68-4194-94F7-877E4CADE25A}.Debug|Any CPU.Build.0 = Debug|Any CPU
		{4B95DB3B-9C68-4194-94F7-877E4CADE25A}.Release|Any CPU.ActiveCfg = Release|Any CPU
		{4B95DB3B-9C68-4194-94F7-877E4CADE25A}.Release|Any CPU.Build.0 = Release|Any CPU
		{C897C004-49D2-4B37-9894-A03E2FBB8E91}.Debug|Any CPU.ActiveCfg = Debug|Any CPU
		{C897C004-49D2-4B37-9894-A03E2FBB8E91}.Debug|Any CPU.Build.0 = Debug|Any CPU
		{C897C004-49D2-4B37-9894-A03E2FBB8E91}.Release|Any CPU.ActiveCfg = Release|Any CPU
		{C897C004-49D2-4B37-9894-A03E2FBB8E91}.Release|Any CPU.Build.0 = Release|Any CPU
		{59C85017-0216-47BF-8CBB-018713C65E35}.Debug|Any CPU.ActiveCfg = Debug|Any CPU
		{59C85017-0216-47BF-8CBB-018713C65E35}.Debug|Any CPU.Build.0 = Debug|Any CPU
		{59C85017-0216-47BF-8CBB-018713C65E35}.Release|Any CPU.ActiveCfg = Release|Any CPU
		{59C85017-0216-47BF-8CBB-018713C65E35}.Release|Any CPU.Build.0 = Release|Any CPU
		{8BF65052-98F6-425D-A142-C4EC53603AFE}.Debug|Any CPU.ActiveCfg = Debug|Any CPU
		{8BF65052-98F6-425D-A142-C4EC53603AFE}.Debug|Any CPU.Build.0 = Debug|Any CPU
		{8BF65052-98F6-425D-A142-C4EC53603AFE}.Release|Any CPU.ActiveCfg = Release|Any CPU
		{8BF65052-98F6-425D-A142-C4EC53603AFE}.Release|Any CPU.Build.0 = Release|Any CPU
	EndGlobalSection
	GlobalSection(SolutionProperties) = preSolution
		HideSolutionNode = FALSE
	EndGlobalSection
	GlobalSection(NestedProjects) = preSolution
		{36224A75-4C60-4F0A-BB4D-2536449EB926} = {36CC5659-D613-4C87-9C92-BF9889134B77}
		{D5E07FC1-54E5-4880-AFF4-85A34F5D6B77} = {36CC5659-D613-4C87-9C92-BF9889134B77}
		{211D83A9-CB89-4618-A5B5-C6F234B5ED6D} = {36CC5659-D613-4C87-9C92-BF9889134B77}
		{6026C657-528F-49CC-8D16-0CC82B19A00E} = {36CC5659-D613-4C87-9C92-BF9889134B77}
		{DA53486E-092D-4F79-B1D9-A48997ED7994} = {36CC5659-D613-4C87-9C92-BF9889134B77}
		{0C365ACC-78B0-4FCE-ACBB-8613444E5DE1} = {36CC5659-D613-4C87-9C92-BF9889134B77}
		{E8C35BCC-0537-4439-97DA-02C7D5F05747} = {36CC5659-D613-4C87-9C92-BF9889134B77}
		{AFAA5139-A6F9-4832-8FF1-A613D26B01CB} = {3FEDA9C9-8DDD-453A-B6C0-B2B5E91E6D69}
		{CAA874F3-F64F-4D34-BF16-5FF031697F49} = {3FEDA9C9-8DDD-453A-B6C0-B2B5E91E6D69}
		{2B705F12-5B45-480C-B023-C7B61C3A0995} = {3FEDA9C9-8DDD-453A-B6C0-B2B5E91E6D69}
		{4B95DB3B-9C68-4194-94F7-877E4CADE25A} = {36CC5659-D613-4C87-9C92-BF9889134B77}
		{C897C004-49D2-4B37-9894-A03E2FBB8E91} = {36CC5659-D613-4C87-9C92-BF9889134B77}
		{59C85017-0216-47BF-8CBB-018713C65E35} = {36CC5659-D613-4C87-9C92-BF9889134B77}
		{8BF65052-98F6-425D-A142-C4EC53603AFE} = {36CC5659-D613-4C87-9C92-BF9889134B77}
	EndGlobalSection
	GlobalSection(ExtensibilityGlobals) = postSolution
		SolutionGuid = {7A19E30E-C47B-4879-BB71-18947DEFC6D7}
	EndGlobalSection
EndGlobal
