
Microsoft Visual Studio Solution File, Format Version 12.00
# Visual Studio Version 17
VisualStudioVersion = 17.10.35122.118
MinimumVisualStudioVersion = 10.0.40219.1
Project("{FAE04EC0-301F-11D3-BF4B-00C04F79EFBC}") = "10_28(连接相机)", "10_28(连接相机).csproj", "{211D83A9-CB89-4618-A5B5-C6F234B5ED6D}"
EndProject
Global
	GlobalSection(SolutionConfigurationPlatforms) = preSolution
		Debug|Any CPU = Debug|Any CPU
		Release|Any CPU = Release|Any CPU
	EndGlobalSection
	GlobalSection(ProjectConfigurationPlatforms) = postSolution
		{211D83A9-CB89-4618-A5B5-C6F234B5ED6D}.Debug|Any CPU.ActiveCfg = Debug|Any CPU
		{211D83A9-CB89-4618-A5B5-C6F234B5ED6D}.Debug|Any CPU.Build.0 = Debug|Any CPU
		{211D83A9-CB89-4618-A5B5-C6F234B5ED6D}.Release|Any CPU.ActiveCfg = Release|Any CPU
		{211D83A9-CB89-4618-A5B5-C6F234B5ED6D}.Release|Any CPU.Build.0 = Release|Any CPU
	EndGlobalSection
	GlobalSection(SolutionProperties) = preSolution
		HideSolutionNode = FALSE
	EndGlobalSection
	GlobalSection(ExtensibilityGlobals) = postSolution
		SolutionGuid = {F7A6B93D-8966-43FE-A4FF-6C0250E1F958}
	EndGlobalSection
EndGlobal
